// !$*UTF8*$!
{
	archiveVersion = 1;
	classes = {
	};
	objectVersion = 50;
	objects = {

/* Begin PBXBuildFile section */
		077C9FC227BFAC0A008EE23B /* main.swift in Sources */ = {isa = PBXBuildFile; fileRef = 077C9FC127BFAC0A008EE23B /* main.swift */; };
		077C9FD027BFACBB008EE23B /* localizeTests.swift in Sources */ = {isa = PBXBuildFile; fileRef = 077C9FCF27BFACBB008EE23B /* localizeTests.swift */; };
		077C9FD827BFADBA008EE23B /* localize.swift in Sources */ = {isa = PBXBuildFile; fileRef = 077C9FD727BFADBA008EE23B /* localize.swift */; };
		077C9FDB27BFADBE008EE23B /* localize.swift in Sources */ = {isa = PBXBuildFile; fileRef = 077C9FD727BFADBA008EE23B /* localize.swift */; };
/* End PBXBuildFile section */

/* Begin PBXCopyFilesBuildPhase section */
		077C9FBC27BFAC0A008EE23B /* CopyFiles */ = {
			isa = PBXCopyFilesBuildPhase;
			buildActionMask = 2147483647;
			dstPath = /usr/share/man/man1/;
			dstSubfolderSpec = 0;
			files = (
			);
			runOnlyForDeploymentPostprocessing = 1;
		};
/* End PBXCopyFilesBuildPhase section */

/* Begin PBXFileReference section */
		077C9FBE27BFAC0A008EE23B /* localize */ = {isa = PBXFileReference; explicitFileType = "compiled.mach-o.executable"; includeInIndex = 0; path = localize; sourceTree = BUILT_PRODUCTS_DIR; };
		077C9FC127BFAC0A008EE23B /* main.swift */ = {isa = PBXFileReference; lastKnownFileType = sourcecode.swift; path = main.swift; sourceTree = "<group>"; };
		077C9FCD27BFACBB008EE23B /* localizeTests.xctest */ = {isa = PBXFileReference; explicitFileType = wrapper.cfbundle; includeInIndex = 0; path = localizeTests.xctest; sourceTree = BUILT_PRODUCTS_DIR; };
		077C9FCF27BFACBB008EE23B /* localizeTests.swift */ = {isa = PBXFileReference; lastKnownFileType = sourcecode.swift; path = localizeTests.swift; sourceTree = "<group>"; };
		077C9FD127BFACBB008EE23B /* Info.plist */ = {isa = PBXFileReference; lastKnownFileType = text.plist.xml; path = Info.plist; sourceTree = "<group>"; };
		077C9FD727BFADBA008EE23B /* localize.swift */ = {isa = PBXFileReference; lastKnownFileType = sourcecode.swift; path = localize.swift; sourceTree = "<group>"; };
/* End PBXFileReference section */

/* Begin PBXFrameworksBuildPhase section */
		077C9FBB27BFAC0A008EE23B /* Frameworks */ = {
			isa = PBXFrameworksBuildPhase;
			buildActionMask = 2147483647;
			files = (
			);
			runOnlyForDeploymentPostprocessing = 0;
		};
		077C9FCA27BFACBB008EE23B /* Frameworks */ = {
			isa = PBXFrameworksBuildPhase;
			buildActionMask = 2147483647;
			files = (
			);
			runOnlyForDeploymentPostprocessing = 0;
		};
/* End PBXFrameworksBuildPhase section */

/* Begin PBXGroup section */
		077C9FB527BFAC0A008EE23B = {
			isa = PBXGroup;
			children = (
				077C9FC027BFAC0A008EE23B /* localize */,
				077C9FCE27BFACBB008EE23B /* localizeTests */,
				077C9FBF27BFAC0A008EE23B /* Products */,
			);
			sourceTree = "<group>";
		};
		077C9FBF27BFAC0A008EE23B /* Products */ = {
			isa = PBXGroup;
			children = (
				077C9FBE27BFAC0A008EE23B /* localize */,
				077C9FCD27BFACBB008EE23B /* localizeTests.xctest */,
			);
			name = Products;
			sourceTree = "<group>";
		};
		077C9FC027BFAC0A008EE23B /* localize */ = {
			isa = PBXGroup;
			children = (
				077C9FC127BFAC0A008EE23B /* main.swift */,
				077C9FD727BFADBA008EE23B /* localize.swift */,
			);
			path = localize;
			sourceTree = "<group>";
		};
		077C9FCE27BFACBB008EE23B /* localizeTests */ = {
			isa = PBXGroup;
			children = (
				077C9FCF27BFACBB008EE23B /* localizeTests.swift */,
				077C9FD127BFACBB008EE23B /* Info.plist */,
			);
			path = localizeTests;
			sourceTree = "<group>";
		};
/* End PBXGroup section */

/* Begin PBXNativeTarget section */
		077C9FBD27BFAC0A008EE23B /* localize */ = {
			isa = PBXNativeTarget;
			buildConfigurationList = 077C9FC527BFAC0A008EE23B /* Build configuration list for PBXNativeTarget "localize" */;
			buildPhases = (
				077C9FBA27BFAC0A008EE23B /* Sources */,
				077C9FBB27BFAC0A008EE23B /* Frameworks */,
				077C9FBC27BFAC0A008EE23B /* CopyFiles */,
			);
			buildRules = (
			);
			dependencies = (
			);
			name = localize;
			productName = localize;
			productReference = 077C9FBE27BFAC0A008EE23B /* localize */;
			productType = "com.apple.product-type.tool";
		};
		077C9FCC27BFACBB008EE23B /* localizeTests */ = {
			isa = PBXNativeTarget;
			buildConfigurationList = 077C9FD227BFACBB008EE23B /* Build configuration list for PBXNativeTarget "localizeTests" */;
			buildPhases = (
				077C9FC927BFACBB008EE23B /* Sources */,
				077C9FCA27BFACBB008EE23B /* Frameworks */,
				077C9FCB27BFACBB008EE23B /* Resources */,
			);
			buildRules = (
			);
			dependencies = (
			);
			name = localizeTests;
			productName = localizeTests;
			productReference = 077C9FCD27BFACBB008EE23B /* localizeTests.xctest */;
			productType = "com.apple.product-type.bundle.unit-test";
		};
/* End PBXNativeTarget section */

/* Begin PBXProject section */
		077C9FB627BFAC0A008EE23B /* Project object */ = {
			isa = PBXProject;
			attributes = {
				LastSwiftUpdateCheck = 1240;
				LastUpgradeCheck = 1240;
				TargetAttributes = {
					077C9FBD27BFAC0A008EE23B = {
						CreatedOnToolsVersion = 12.4;
					};
					077C9FCC27BFACBB008EE23B = {
						CreatedOnToolsVersion = 12.4;
					};
				};
			};
			buildConfigurationList = 077C9FB927BFAC0A008EE23B /* Build configuration list for PBXProject "localize" */;
			compatibilityVersion = "Xcode 9.3";
			developmentRegion = en;
			hasScannedForEncodings = 0;
			knownRegions = (
				en,
				Base,
			);
			mainGroup = 077C9FB527BFAC0A008EE23B;
			productRefGroup = 077C9FBF27BFAC0A008EE23B /* Products */;
			projectDirPath = "";
			projectRoot = "";
			targets = (
				077C9FBD27BFAC0A008EE23B /* localize */,
				077C9FCC27BFACBB008EE23B /* localizeTests */,
			);
		};
/* End PBXProject section */

/* Begin PBXResourcesBuildPhase section */
		077C9FCB27BFACBB008EE23B /* Resources */ = {
			isa = PBXResourcesBuildPhase;
			buildActionMask = 2147483647;
			files = (
			);
			runOnlyForDeploymentPostprocessing = 0;
		};
/* End PBXResourcesBuildPhase section */

/* Begin PBXSourcesBuildPhase section */
		077C9FBA27BFAC0A008EE23B /* Sources */ = {
			isa = PBXSourcesBuildPhase;
			buildActionMask = 2147483647;
			files = (
				077C9FD827BFADBA008EE23B /* localize.swift in Sources */,
				077C9FC227BFAC0A008EE23B /* main.swift in Sources */,
			);
			runOnlyForDeploymentPostprocessing = 0;
		};
		077C9FC927BFACBB008EE23B /* Sources */ = {
			isa = PBXSourcesBuildPhase;
			buildActionMask = 2147483647;
			files = (
				077C9FDB27BFADBE008EE23B /* localize.swift in Sources */,
				077C9FD027BFACBB008EE23B /* localizeTests.swift in Sources */,
			);
			runOnlyForDeploymentPostprocessing = 0;
		};
/* End PBXSourcesBuildPhase section */

/* Begin XCBuildConfiguration section */
		077C9FC327BFAC0A008EE23B /* Debug */ = {
			isa = XCBuildConfiguration;
			buildSettings = {
				ALWAYS_SEARCH_USER_PATHS = NO;
				CLANG_ANALYZER_NONNULL = YES;
				CLANG_ANALYZER_NUMBER_OBJECT_CONVERSION = YES_AGGRESSIVE;
				CLANG_CXX_LANGUAGE_STANDARD = "gnu++14";
				CLANG_CXX_LIBRARY = "libc++";
				CLANG_ENABLE_MODULES = YES;
				CLANG_ENABLE_OBJC_ARC = YES;
				CLANG_ENABLE_OBJC_WEAK = YES;
				CLANG_WARN_BLOCK_CAPTURE_AUTORELEASING = YES;
				CLANG_WARN_BOOL_CONVERSION = YES;
				CLANG_WARN_COMMA = YES;
				CLANG_WARN_CONSTANT_CONVERSION = YES;
				CLANG_WARN_DEPRECATED_OBJC_IMPLEMENTATIONS = YES;
				CLANG_WARN_DIRECT_OBJC_ISA_USAGE = YES_ERROR;
				CLANG_WARN_DOCUMENTATION_COMMENTS = YES;
				CLANG_WARN_EMPTY_BODY = YES;
				CLANG_WARN_ENUM_CONVERSION = YES;
				CLANG_WARN_INFINITE_RECURSION = YES;
				CLANG_WARN_INT_CONVERSION = YES;
				CLANG_WARN_NON_LITERAL_NULL_CONVERSION = YES;
				CLANG_WARN_OBJC_IMPLICIT_RETAIN_SELF = YES;
				CLANG_WARN_OBJC_LITERAL_CONVERSION = YES;
				CLANG_WARN_OBJC_ROOT_CLASS = YES_ERROR;
				CLANG_WARN_QUOTED_INCLUDE_IN_FRAMEWORK_HEADER = YES;
				CLANG_WARN_RANGE_LOOP_ANALYSIS = YES;
				CLANG_WARN_STRICT_PROTOTYPES = YES;
				CLANG_WARN_SUSPICIOUS_MOVE = YES;
				CLANG_WARN_UNGUARDED_AVAILABILITY = YES_AGGRESSIVE;
				CLANG_WARN_UNREACHABLE_CODE = YES;
				CLANG_WARN__DUPLICATE_METHOD_MATCH = YES;
				COPY_PHASE_STRIP = NO;
				DEBUG_INFORMATION_FORMAT = dwarf;
				ENABLE_STRICT_OBJC_MSGSEND = YES;
				ENABLE_TESTABILITY = YES;
				GCC_C_LANGUAGE_STANDARD = gnu11;
				GCC_DYNAMIC_NO_PIC = NO;
				GCC_NO_COMMON_BLOCKS = YES;
				GCC_OPTIMIZATION_LEVEL = 0;
				GCC_PREPROCESSOR_DEFINITIONS = (
					"DEBUG=1",
					"$(inherited)",
				);
				GCC_WARN_64_TO_32_BIT_CONVERSION = YES;
				GCC_WARN_ABOUT_RETURN_TYPE = YES_ERROR;
				GCC_WARN_UNDECLARED_SELECTOR = YES;
				GCC_WARN_UNINITIALIZED_AUTOS = YES_AGGRESSIVE;
				GCC_WARN_UNUSED_FUNCTION = YES;
				GCC_WARN_UNUSED_VARIABLE = YES;
				MACOSX_DEPLOYMENT_TARGET = 10.15.4;
				MTL_ENABLE_DEBUG_INFO = INCLUDE_SOURCE;
				MTL_FAST_MATH = YES;
				ONLY_ACTIVE_ARCH = YES;
				SDKROOT = macosx;
				SWIFT_ACTIVE_COMPILATION_CONDITIONS = DEBUG;
				SWIFT_OPTIMIZATION_LEVEL = "-Onone";
			};
			name = Debug;
		};
		077C9FC427BFAC0A008EE23B /* Release */ = {
			isa = XCBuildConfiguration;
			buildSettings = {
				ALWAYS_SEARCH_USER_PATHS = NO;
				CLANG_ANALYZER_NONNULL = YES;
				CLANG_ANALYZER_NUMBER_OBJECT_CONVERSION = YES_AGGRESSIVE;
				CLANG_CXX_LANGUAGE_STANDARD = "gnu++14";
				CLANG_CXX_LIBRARY = "libc++";
				CLANG_ENABLE_MODULES = YES;
				CLANG_ENABLE_OBJC_ARC = YES;
				CLANG_ENABLE_OBJC_WEAK = YES;
				CLANG_WARN_BLOCK_CAPTURE_AUTORELEASING = YES;
				CLANG_WARN_BOOL_CONVERSION = YES;
				CLANG_WARN_COMMA = YES;
				CLANG_WARN_CONSTANT_CONVERSION = YES;
				CLANG_WARN_DEPRECATED_OBJC_IMPLEMENTATIONS = YES;
				CLANG_WARN_DIRECT_OBJC_ISA_USAGE = YES_ERROR;
				CLANG_WARN_DOCUMENTATION_COMMENTS = YES;
				CLANG_WARN_EMPTY_BODY = YES;
				CLANG_WARN_ENUM_CONVERSION = YES;
				CLANG_WARN_INFINITE_RECURSION = YES;
				CLANG_WARN_INT_CONVERSION = YES;
				CLANG_WARN_NON_LITERAL_NULL_CONVERSION = YES;
				CLANG_WARN_OBJC_IMPLICIT_RETAIN_SELF = YES;
				CLANG_WARN_OBJC_LITERAL_CONVERSION = YES;
				CLANG_WARN_OBJC_ROOT_CLASS = YES_ERROR;
				CLANG_WARN_QUOTED_INCLUDE_IN_FRAMEWORK_HEADER = YES;
				CLANG_WARN_RANGE_LOOP_ANALYSIS = YES;
				CLANG_WARN_STRICT_PROTOTYPES = YES;
				CLANG_WARN_SUSPICIOUS_MOVE = YES;
				CLANG_WARN_UNGUARDED_AVAILABILITY = YES_AGGRESSIVE;
				CLANG_WARN_UNREACHABLE_CODE = YES;
				CLANG_WARN__DUPLICATE_METHOD_MATCH = YES;
				COPY_PHASE_STRIP = NO;
				DEBUG_INFORMATION_FORMAT = "dwarf-with-dsym";
				ENABLE_NS_ASSERTIONS = NO;
				ENABLE_STRICT_OBJC_MSGSEND = YES;
				GCC_C_LANGUAGE_STANDARD = gnu11;
				GCC_NO_COMMON_BLOCKS = YES;
				GCC_WARN_64_TO_32_BIT_CONVERSION = YES;
				GCC_WARN_ABOUT_RETURN_TYPE = YES_ERROR;
				GCC_WARN_UNDECLARED_SELECTOR = YES;
				GCC_WARN_UNINITIALIZED_AUTOS = YES_AGGRESSIVE;
				GCC_WARN_UNUSED_FUNCTION = YES;
				GCC_WARN_UNUSED_VARIABLE = YES;
				MACOSX_DEPLOYMENT_TARGET = 10.15.4;
				MTL_ENABLE_DEBUG_INFO = NO;
				MTL_FAST_MATH = YES;
				SDKROOT = macosx;
				SWIFT_COMPILATION_MODE = wholemodule;
				SWIFT_OPTIMIZATION_LEVEL = "-O";
			};
			name = Release;
		};
		077C9FC627BFAC0A008EE23B /* Debug */ = {
			isa = XCBuildConfiguration;
			buildSettings = {
				CODE_SIGN_STYLE = Automatic;
				PRODUCT_NAME = "$(TARGET_NAME)";
				SWIFT_VERSION = 5.0;
			};
			name = Debug;
		};
		077C9FC727BFAC0A008EE23B /* Release */ = {
			isa = XCBuildConfiguration;
			buildSettings = {
				CODE_SIGN_STYLE = Automatic;
				PRODUCT_NAME = "$(TARGET_NAME)";
				SWIFT_VERSION = 5.0;
			};
			name = Release;
		};
		077C9FD327BFACBB008EE23B /* Debug */ = {
			isa = XCBuildConfiguration;
			buildSettings = {
				CODE_SIGN_STYLE = Automatic;
				COMBINE_HIDPI_IMAGES = YES;
				INFOPLIST_FILE = localizeTests/Info.plist;
				LD_RUNPATH_SEARCH_PATHS = (
					"$(inherited)",
					"@executable_path/../Frameworks",
					"@loader_path/../Frameworks",
				);
				PRODUCT_BUNDLE_IDENTIFIER = yes.localizeTests;
				PRODUCT_NAME = "$(TARGET_NAME)";
				SWIFT_VERSION = 5.0;
			};
			name = Debug;
		};
		077C9FD427BFACBB008EE23B /* Release */ = {
			isa = XCBuildConfiguration;
			buildSettings = {
				CODE_SIGN_STYLE = Automatic;
				COMBINE_HIDPI_IMAGES = YES;
				INFOPLIST_FILE = localizeTests/Info.plist;
				LD_RUNPATH_SEARCH_PATHS = (
					"$(inherited)",
					"@executable_path/../Frameworks",
					"@loader_path/../Frameworks",
				);
				PRODUCT_BUNDLE_IDENTIFIER = yes.localizeTests;
				PRODUCT_NAME = "$(TARGET_NAME)";
				SWIFT_VERSION = 5.0;
			};
			name = Release;
		};
/* End XCBuildConfiguration section */

/* Begin XCConfigurationList section */
		077C9FB927BFAC0A008EE23B /* Build configuration list for PBXProject "localize" */ = {
			isa = XCConfigurationList;
			buildConfigurations = (
				077C9FC327BFAC0A008EE23B /* Debug */,
				077C9FC427BFAC0A008EE23B /* Release */,
			);
			defaultConfigurationIsVisible = 0;
			defaultConfigurationName = Release;
		};
		077C9FC527BFAC0A008EE23B /* Build configuration list for PBXNativeTarget "localize" */ = {
			isa = XCConfigurationList;
			buildConfigurations = (
				077C9FC627BFAC0A008EE23B /* Debug */,
				077C9FC727BFAC0A008EE23B /* Release */,
			);
			defaultConfigurationIsVisible = 0;
			defaultConfigurationName = Release;
		};
		077C9FD227BFACBB008EE23B /* Build configuration list for PBXNativeTarget "localizeTests" */ = {
			isa = XCConfigurationList;
			buildConfigurations = (
				077C9FD327BFACBB008EE23B /* Debug */,
				077C9FD427BFACBB008EE23B /* Release */,
			);
			defaultConfigurationIsVisible = 0;
			defaultConfigurationName = Release;
		};
/* End XCConfigurationList section */
	};
	rootObject = 077C9FB627BFAC0A008EE23B /* Project object */;
}
